
Microsoft Visual Studio Solution File, Format Version 12.00
# Visual Studio Version 16
VisualStudioVersion = 16.0.30804.86
MinimumVisualStudioVersion = 10.0.40219.1
Project("{FAE04EC0-301F-11D3-BF4B-00C04F79EFBC}") = "AdapterPattern", "AdapterPattern\AdapterPattern.csproj", "{2A872765-26E9-489F-9991-847ED2BB9B23}"
EndProject
Global
	GlobalSection(SolutionConfigurationPlatforms) = preSolution
		Debug|Any CPU = Debug|Any CPU
		Release|Any CPU = Release|Any CPU
	EndGlobalSection
	GlobalSection(ProjectConfigurationPlatforms) = postSolution
		{2A872765-26E9-489F-9991-847ED2BB9B23}.Debug|Any CPU.ActiveCfg = Debug|Any CPU
		{2A872765-26E9-489F-9991-847ED2BB9B23}.Debug|Any CPU.Build.0 = Debug|Any CPU
		{2A872765-26E9-489F-9991-847ED2BB9B23}.Release|Any CPU.ActiveCfg = Release|Any CPU
		{2A872765-26E9-489F-9991-847ED2BB9B23}.Release|Any CPU.Build.0 = Release|Any CPU
	EndGlobalSection
	GlobalSection(SolutionProperties) = preSolution
		HideSolutionNode = FALSE
	EndGlobalSection
	GlobalSection(ExtensibilityGlobals) = postSolution
		SolutionGuid = {93E565DE-12E5-4066-9D45-09451831EDFB}
	EndGlobalSection
EndGlobal
